
Microsoft Visual Studio Solution File, Format Version 12.00
# Visual Studio Version 16
VisualStudioVersion = 16.0.32002.261
MinimumVisualStudioVersion = 10.0.40219.1
Project("{FAE04EC0-301F-11D3-BF4B-00C04F79EFBC}") = "VectorGraphicEditorWF", "VectorGraphicEditorWF\VectorGraphicEditorWF.csproj", "{9AC5A94F-247F-433E-83DF-532A9ACD838F}"
EndProject
Global
	GlobalSection(SolutionConfigurationPlatforms) = preSolution
		Debug|Any CPU = Debug|Any CPU
		Release|Any CPU = Release|Any CPU
	EndGlobalSection
	GlobalSection(ProjectConfigurationPlatforms) = postSolution
		{9AC5A94F-247F-433E-83DF-532A9ACD838F}.Debug|Any CPU.ActiveCfg = Debug|Any CPU
		{9AC5A94F-247F-433E-83DF-532A9ACD838F}.Debug|Any CPU.Build.0 = Debug|Any CPU
		{9AC5A94F-247F-433E-83DF-532A9ACD838F}.Release|Any CPU.ActiveCfg = Release|Any CPU
		{9AC5A94F-247F-433E-83DF-532A9ACD838F}.Release|Any CPU.Build.0 = Release|Any CPU
	EndGlobalSection
	GlobalSection(SolutionProperties) = preSolution
		HideSolutionNode = FALSE
	EndGlobalSection
	GlobalSection(ExtensibilityGlobals) = postSolution
		SolutionGuid = {6462A7D7-651C-4A3E-82CD-333B1D0322D0}
	EndGlobalSection
EndGlobal
